
Microsoft Visual Studio Solution File, Format Version 11.00
# Visual Studio 2010
Project("{FAE04EC0-301F-11D3-BF4B-00C04F79EFBC}") = "NoteBook_01", "NoteBook_01\NoteBook_01.csproj", "{41E6404D-3792-4F8E-9D11-DA35D1820418}"
EndProject
Project("{FAE04EC0-301F-11D3-BF4B-00C04F79EFBC}") = "Model", "Model\Model.csproj", "{5FDE36EF-E3D3-4F1D-B709-96E88E5256A0}"
EndProject
Project("{FAE04EC0-301F-11D3-BF4B-00C04F79EFBC}") = "Control", "Control\Control.csproj", "{9FAAC173-3573-4CD0-BCA9-506695399C8A}"
EndProject
Project("{FAE04EC0-301F-11D3-BF4B-00C04F79EFBC}") = "Interface", "Interface\Interface.csproj", "{10595160-5FF4-4022-B022-30E072249941}"
EndProject
Global
	GlobalSection(SolutionConfigurationPlatforms) = preSolution
		Debug|x86 = Debug|x86
		Release|x86 = Release|x86
	EndGlobalSection
	GlobalSection(ProjectConfigurationPlatforms) = postSolution
		{41E6404D-3792-4F8E-9D11-DA35D1820418}.Debug|x86.ActiveCfg = Debug|x86
		{41E6404D-3792-4F8E-9D11-DA35D1820418}.Debug|x86.Build.0 = Debug|x86
		{41E6404D-3792-4F8E-9D11-DA35D1820418}.Release|x86.ActiveCfg = Release|x86
		{41E6404D-3792-4F8E-9D11-DA35D1820418}.Release|x86.Build.0 = Release|x86
		{5FDE36EF-E3D3-4F1D-B709-96E88E5256A0}.Debug|x86.ActiveCfg = Debug|x86
		{5FDE36EF-E3D3-4F1D-B709-96E88E5256A0}.Debug|x86.Build.0 = Debug|x86
		{5FDE36EF-E3D3-4F1D-B709-96E88E5256A0}.Release|x86.ActiveCfg = Release|x86
		{5FDE36EF-E3D3-4F1D-B709-96E88E5256A0}.Release|x86.Build.0 = Release|x86
		{9FAAC173-3573-4CD0-BCA9-506695399C8A}.Debug|x86.ActiveCfg = Debug|x86
		{9FAAC173-3573-4CD0-BCA9-506695399C8A}.Debug|x86.Build.0 = Debug|x86
		{9FAAC173-3573-4CD0-BCA9-506695399C8A}.Release|x86.ActiveCfg = Release|x86
		{9FAAC173-3573-4CD0-BCA9-506695399C8A}.Release|x86.Build.0 = Release|x86
		{10595160-5FF4-4022-B022-30E072249941}.Debug|x86.ActiveCfg = Debug|x86
		{10595160-5FF4-4022-B022-30E072249941}.Debug|x86.Build.0 = Debug|x86
		{10595160-5FF4-4022-B022-30E072249941}.Release|x86.ActiveCfg = Release|x86
		{10595160-5FF4-4022-B022-30E072249941}.Release|x86.Build.0 = Release|x86
	EndGlobalSection
	GlobalSection(SolutionProperties) = preSolution
		HideSolutionNode = FALSE
	EndGlobalSection
EndGlobal
